// !$*UTF8*$!
{
	archiveVersion = 1;
	classes = {
	};
	objectVersion = 46;
	objects = {

/* Begin PBXBuildFile section */
		72665C801CF84E5900C49F8B /* Addressbook.m in Sources */ = {isa = PBXBuildFile; fileRef = 72665C7F1CF84E5900C49F8B /* Addressbook.m */; };
		72ED36791CF706BA00BF0EA4 /* main.m in Sources */ = {isa = PBXBuildFile; fileRef = 72ED36781CF706BA00BF0EA4 /* main.m */; };
		72ED36811CF706D800BF0EA4 /* AddressCard.m in Sources */ = {isa = PBXBuildFile; fileRef = 72ED36801CF706D800BF0EA4 /* AddressCard.m */; };
/* End PBXBuildFile section */

/* Begin PBXCopyFilesBuildPhase section */
		72ED36731CF706BA00BF0EA4 /* CopyFiles */ = {
			isa = PBXCopyFilesBuildPhase;
			buildActionMask = 2147483647;
			dstPath = /usr/share/man/man1/;
			dstSubfolderSpec = 0;
			files = (
			);
			runOnlyForDeploymentPostprocessing = 1;
		};
/* End PBXCopyFilesBuildPhase section */

/* Begin PBXFileReference section */
		72665C7E1CF84E5900C49F8B /* Addressbook.h */ = {isa = PBXFileReference; fileEncoding = 4; lastKnownFileType = sourcecode.c.h; path = Addressbook.h; sourceTree = "<group>"; };
		72665C7F1CF84E5900C49F8B /* Addressbook.m */ = {isa = PBXFileReference; fileEncoding = 4; lastKnownFileType = sourcecode.c.objc; path = Addressbook.m; sourceTree = "<group>"; };
		72ED36751CF706BA00BF0EA4 /* AddressCard */ = {isa = PBXFileReference; explicitFileType = "compiled.mach-o.executable"; includeInIndex = 0; path = AddressCard; sourceTree = BUILT_PRODUCTS_DIR; };
		72ED36781CF706BA00BF0EA4 /* main.m */ = {isa = PBXFileReference; lastKnownFileType = sourcecode.c.objc; path = main.m; sourceTree = "<group>"; };
		72ED367F1CF706D800BF0EA4 /* AddressCard.h */ = {isa = PBXFileReference; fileEncoding = 4; lastKnownFileType = sourcecode.c.h; path = AddressCard.h; sourceTree = "<group>"; };
		72ED36801CF706D800BF0EA4 /* AddressCard.m */ = {isa = PBXFileReference; fileEncoding = 4; lastKnownFileType = sourcecode.c.objc; path = AddressCard.m; sourceTree = "<group>"; };
/* End PBXFileReference section */

/* Begin PBXFrameworksBuildPhase section */
		72ED36721CF706BA00BF0EA4 /* Frameworks */ = {
			isa = PBXFrameworksBuildPhase;
			buildActionMask = 2147483647;
			files = (
			);
			runOnlyForDeploymentPostprocessing = 0;
		};
/* End PBXFrameworksBuildPhase section */

/* Begin PBXGroup section */
		72ED366C1CF706BA00BF0EA4 = {
			isa = PBXGroup;
			children = (
				72ED36771CF706BA00BF0EA4 /* AddressCard */,
				72ED36761CF706BA00BF0EA4 /* Products */,
			);
			sourceTree = "<group>";
		};
		72ED36761CF706BA00BF0EA4 /* Products */ = {
			isa = PBXGroup;
			children = (
				72ED36751CF706BA00BF0EA4 /* AddressCard */,
			);
			name = Products;
			sourceTree = "<group>";
		};
		72ED36771CF706BA00BF0EA4 /* AddressCard */ = {
			isa = PBXGroup;
			children = (
				72ED36781CF706BA00BF0EA4 /* main.m */,
				72ED367F1CF706D800BF0EA4 /* AddressCard.h */,
				72ED36801CF706D800BF0EA4 /* AddressCard.m */,
				72665C7E1CF84E5900C49F8B /* Addressbook.h */,
				72665C7F1CF84E5900C49F8B /* Addressbook.m */,
			);
			path = AddressCard;
			sourceTree = "<group>";
		};
/* End PBXGroup section */

/* Begin PBXNativeTarget section */
		72ED36741CF706BA00BF0EA4 /* AddressCard */ = {
			isa = PBXNativeTarget;
			buildConfigurationList = 72ED367C1CF706BA00BF0EA4 /* Build configuration list for PBXNativeTarget "AddressCard" */;
			buildPhases = (
				72ED36711CF706BA00BF0EA4 /* Sources */,
				72ED36721CF706BA00BF0EA4 /* Frameworks */,
				72ED36731CF706BA00BF0EA4 /* CopyFiles */,
			);
			buildRules = (
			);
			dependencies = (
			);
			name = AddressCard;
			productName = AddressCard;
			productReference = 72ED36751CF706BA00BF0EA4 /* AddressCard */;
			productType = "com.apple.product-type.tool";
		};
/* End PBXNativeTarget section */

/* Begin PBXProject section */
		72ED366D1CF706BA00BF0EA4 /* Project object */ = {
			isa = PBXProject;
			attributes = {
				LastUpgradeCheck = 0730;
				ORGANIZATIONNAME = "张威";
				TargetAttributes = {
					72ED36741CF706BA00BF0EA4 = {
						CreatedOnToolsVersion = 7.3.1;
					};
				};
			};
			buildConfigurationList = 72ED36701CF706BA00BF0EA4 /* Build configuration list for PBXProject "AddressCard" */;
			compatibilityVersion = "Xcode 3.2";
			developmentRegion = English;
			hasScannedForEncodings = 0;
			knownRegions = (
				en,
			);
			mainGroup = 72ED366C1CF706BA00BF0EA4;
			productRefGroup = 72ED36761CF706BA00BF0EA4 /* Products */;
			projectDirPath = "";
			projectRoot = "";
			targets = (
				72ED36741CF706BA00BF0EA4 /* AddressCard */,
			);
		};
/* End PBXProject section */

/* Begin PBXSourcesBuildPhase section */
		72ED36711CF706BA00BF0EA4 /* Sources */ = {
			isa = PBXSourcesBuildPhase;
			buildActionMask = 2147483647;
			files = (
				72665C801CF84E5900C49F8B /* Addressbook.m in Sources */,
				72ED36811CF706D800BF0EA4 /* AddressCard.m in Sources */,
				72ED36791CF706BA00BF0EA4 /* main.m in Sources */,
			);
			runOnlyForDeploymentPostprocessing = 0;
		};
/* End PBXSourcesBuildPhase section */

/* Begin XCBuildConfiguration section */
		72ED367A1CF706BA00BF0EA4 /* Debug */ = {
			isa = XCBuildConfiguration;
			buildSettings = {
				ALWAYS_SEARCH_USER_PATHS = NO;
				CLANG_ANALYZER_NONNULL = YES;
				CLANG_CXX_LANGUAGE_STANDARD = "gnu++0x";
				CLANG_CXX_LIBRARY = "libc++";
				CLANG_ENABLE_MODULES = YES;
				CLANG_ENABLE_OBJC_ARC = YES;
				CLANG_WARN_BOOL_CONVERSION = YES;
				CLANG_WARN_CONSTANT_CONVERSION = YES;
				CLANG_WARN_DIRECT_OBJC_ISA_USAGE = YES_ERROR;
				CLANG_WARN_EMPTY_BODY = YES;
				CLANG_WARN_ENUM_CONVERSION = YES;
				CLANG_WARN_INT_CONVERSION = YES;
				CLANG_WARN_OBJC_ROOT_CLASS = YES_ERROR;
				CLANG_WARN_UNREACHABLE_CODE = YES;
				CLANG_WARN__DUPLICATE_METHOD_MATCH = YES;
				CODE_SIGN_IDENTITY = "-";
				COPY_PHASE_STRIP = NO;
				DEBUG_INFORMATION_FORMAT = dwarf;
				ENABLE_STRICT_OBJC_MSGSEND = YES;
				ENABLE_TESTABILITY = YES;
				GCC_C_LANGUAGE_STANDARD = gnu99;
				GCC_DYNAMIC_NO_PIC = NO;
				GCC_NO_COMMON_BLOCKS = YES;
				GCC_OPTIMIZATION_LEVEL = 0;
				GCC_PREPROCESSOR_DEFINITIONS = (
					"DEBUG=1",
					"$(inherited)",
				);
				GCC_WARN_64_TO_32_BIT_CONVERSION = YES;
				GCC_WARN_ABOUT_RETURN_TYPE = YES_ERROR;
				GCC_WARN_UNDECLARED_SELECTOR = YES;
				GCC_WARN_UNINITIALIZED_AUTOS = YES_AGGRESSIVE;
				GCC_WARN_UNUSED_FUNCTION = YES;
				GCC_WARN_UNUSED_VARIABLE = YES;
				MACOSX_DEPLOYMENT_TARGET = 10.11;
				MTL_ENABLE_DEBUG_INFO = YES;
				ONLY_ACTIVE_ARCH = YES;
				SDKROOT = macosx;
			};
			name = Debug;
		};
		72ED367B1CF706BA00BF0EA4 /* Release */ = {
			isa = XCBuildConfiguration;
			buildSettings = {
				ALWAYS_SEARCH_USER_PATHS = NO;
				CLANG_ANALYZER_NONNULL = YES;
				CLANG_CXX_LANGUAGE_STANDARD = "gnu++0x";
				CLANG_CXX_LIBRARY = "libc++";
				CLANG_ENABLE_MODULES = YES;
				CLANG_ENABLE_OBJC_ARC = YES;
				CLANG_WARN_BOOL_CONVERSION = YES;
				CLANG_WARN_CONSTANT_CONVERSION = YES;
				CLANG_WARN_DIRECT_OBJC_ISA_USAGE = YES_ERROR;
				CLANG_WARN_EMPTY_BODY = YES;
				CLANG_WARN_ENUM_CONVERSION = YES;
				CLANG_WARN_INT_CONVERSION = YES;
				CLANG_WARN_OBJC_ROOT_CLASS = YES_ERROR;
				CLANG_WARN_UNREACHABLE_CODE = YES;
				CLANG_WARN__DUPLICATE_METHOD_MATCH = YES;
				CODE_SIGN_IDENTITY = "-";
				COPY_PHASE_STRIP = NO;
				DEBUG_INFORMATION_FORMAT = "dwarf-with-dsym";
				ENABLE_NS_ASSERTIONS = NO;
				ENABLE_STRICT_OBJC_MSGSEND = YES;
				GCC_C_LANGUAGE_STANDARD = gnu99;
				GCC_NO_COMMON_BLOCKS = YES;
				GCC_WARN_64_TO_32_BIT_CONVERSION = YES;
				GCC_WARN_ABOUT_RETURN_TYPE = YES_ERROR;
				GCC_WARN_UNDECLARED_SELECTOR = YES;
				GCC_WARN_UNINITIALIZED_AUTOS = YES_AGGRESSIVE;
				GCC_WARN_UNUSED_FUNCTION = YES;
				GCC_WARN_UNUSED_VARIABLE = YES;
				MACOSX_DEPLOYMENT_TARGET = 10.11;
				MTL_ENABLE_DEBUG_INFO = NO;
				SDKROOT = macosx;
			};
			name = Release;
		};
		72ED367D1CF706BA00BF0EA4 /* Debug */ = {
			isa = XCBuildConfiguration;
			buildSettings = {
				PRODUCT_NAME = "$(TARGET_NAME)";
			};
			name = Debug;
		};
		72ED367E1CF706BA00BF0EA4 /* Release */ = {
			isa = XCBuildConfiguration;
			buildSettings = {
				PRODUCT_NAME = "$(TARGET_NAME)";
			};
			name = Release;
		};
/* End XCBuildConfiguration section */

/* Begin XCConfigurationList section */
		72ED36701CF706BA00BF0EA4 /* Build configuration list for PBXProject "AddressCard" */ = {
			isa = XCConfigurationList;
			buildConfigurations = (
				72ED367A1CF706BA00BF0EA4 /* Debug */,
				72ED367B1CF706BA00BF0EA4 /* Release */,
			);
			defaultConfigurationIsVisible = 0;
			defaultConfigurationName = Release;
		};
		72ED367C1CF706BA00BF0EA4 /* Build configuration list for PBXNativeTarget "AddressCard" */ = {
			isa = XCConfigurationList;
			buildConfigurations = (
				72ED367D1CF706BA00BF0EA4 /* Debug */,
				72ED367E1CF706BA00BF0EA4 /* Release */,
			);
			defaultConfigurationIsVisible = 0;
			defaultConfigurationName = Release;
		};
/* End XCConfigurationList section */
	};
	rootObject = 72ED366D1CF706BA00BF0EA4 /* Project object */;
}
